github.com/Artemis-Cooperative/beta v0.0.0-20241015200608-99900e652679/go.mod h1:hK3tlGW+yN6gjSBkq/LROeIRtozDd7sLyHxqBwYw0xQ=
github.com/Artemis-Cooperative/interfaces v0.0.0-20241015200816-8f159be97a9c h1:i6sL9TlAODWg4WMZQRnW6dCx5X5LBjQG3nq8BgsmBfs=
github.com/Artemis-Cooperative/interfaces v0.0.0-20241015200816-8f159be97a9c/go.mod h1:Sd+tjfrWPgR5mCzBKipSXYkRFmz7P/GF2ILWmtqEONk=
